# This file is automatically @generated by Poetry 1.8.3 and should not be changed by hand.

[[package]]
name = "pypinyin"
version = "0.52.0"
description = "汉字拼音转换模块/工具."
optional = false
python-versions = "!=3.0.*,!=3.1.*,!=3.2.*,<4,>=2.6"
files = [
    {file = "pypinyin-0.52.0-py2.py3-none-any.whl", hash = "sha256:203b2035c323957ff77189deb607c168577a888b6fb7248976b6d952b3fb77da"},
    {file = "pypinyin-0.52.0.tar.gz", hash = "sha256:2e7cc0911278e0db334c97f028aa7ccad535e028f57bc539296b04f475e04ecd"},
]

[metadata]
lock-version = "2.0"
python-versions = "^3.10"
content-hash = "04611dbb7af80c58b4fbad902a799ecb7ce0eafd405e73ade6ef5d7257ce9d06"
